
Microsoft Visual Studio Solution File, Format Version 12.00
# Visual Studio Version 17
VisualStudioVersion = 17.11.35222.181
MinimumVisualStudioVersion = 10.0.40219.1
Project("{FAE04EC0-301F-11D3-BF4B-00C04F79EFBC}") = "web-banHangDemo", "web-banHangDemo.csproj", "{C90D1D74-7470-493E-B08C-BAC444CEAC0E}"
EndProject
Global
	GlobalSection(SolutionConfigurationPlatforms) = preSolution
		Debug|Any CPU = Debug|Any CPU
		Release|Any CPU = Release|Any CPU
	EndGlobalSection
	GlobalSection(ProjectConfigurationPlatforms) = postSolution
		{C90D1D74-7470-493E-B08C-BAC444CEAC0E}.Debug|Any CPU.ActiveCfg = Debug|Any CPU
		{C90D1D74-7470-493E-B08C-BAC444CEAC0E}.Debug|Any CPU.Build.0 = Debug|Any CPU
		{C90D1D74-7470-493E-B08C-BAC444CEAC0E}.Release|Any CPU.ActiveCfg = Release|Any CPU
		{C90D1D74-7470-493E-B08C-BAC444CEAC0E}.Release|Any CPU.Build.0 = Release|Any CPU
	EndGlobalSection
	GlobalSection(SolutionProperties) = preSolution
		HideSolutionNode = FALSE
	EndGlobalSection
	GlobalSection(ExtensibilityGlobals) = postSolution
		SolutionGuid = {B1719121-660F-4EAF-A429-A1165B95756F}
	EndGlobalSection
EndGlobal
